
Microsoft Visual Studio Solution File, Format Version 12.00
# Visual Studio Version 17
VisualStudioVersion = 17.3.32825.248
MinimumVisualStudioVersion = 10.0.40219.1
Project("{FAE04EC0-301F-11D3-BF4B-00C04F79EFBC}") = "mad4Road", "mad4Road\mad4Road.csproj", "{719155C9-3186-48E4-89DD-C340C400D612}"
EndProject
Global
	GlobalSection(SolutionConfigurationPlatforms) = preSolution
		Debug|Any CPU = Debug|Any CPU
		Release|Any CPU = Release|Any CPU
	EndGlobalSection
	GlobalSection(ProjectConfigurationPlatforms) = postSolution
		{719155C9-3186-48E4-89DD-C340C400D612}.Debug|Any CPU.ActiveCfg = Debug|Any CPU
		{719155C9-3186-48E4-89DD-C340C400D612}.Debug|Any CPU.Build.0 = Debug|Any CPU
		{719155C9-3186-48E4-89DD-C340C400D612}.Release|Any CPU.ActiveCfg = Release|Any CPU
		{719155C9-3186-48E4-89DD-C340C400D612}.Release|Any CPU.Build.0 = Release|Any CPU
	EndGlobalSection
	GlobalSection(SolutionProperties) = preSolution
		HideSolutionNode = FALSE
	EndGlobalSection
	GlobalSection(ExtensibilityGlobals) = postSolution
		SolutionGuid = {B51E1350-B26F-43F2-BE77-34A40B6997DD}
	EndGlobalSection
EndGlobal
